
Microsoft Visual Studio Solution File, Format Version 12.00
# Visual Studio 15
VisualStudioVersion = 15.0.28307.1684
MinimumVisualStudioVersion = 10.0.40219.1
Project("{8BC9CEB8-8B4A-11D0-8D11-00A0C91BC942}") = "Lab2", "Lab2\Lab2.vcxproj", "{7906A1D7-1479-4196-8FBD-7C63054135D1}"
EndProject
Global
	GlobalSection(SolutionConfigurationPlatforms) = preSolution
		Debug|x64 = Debug|x64
		Debug|x86 = Debug|x86
		Release|x64 = Release|x64
		Release|x86 = Release|x86
	EndGlobalSection
	GlobalSection(ProjectConfigurationPlatforms) = postSolution
		{7906A1D7-1479-4196-8FBD-7C63054135D1}.Debug|x64.ActiveCfg = Debug|x64
		{7906A1D7-1479-4196-8FBD-7C63054135D1}.Debug|x64.Build.0 = Debug|x64
		{7906A1D7-1479-4196-8FBD-7C63054135D1}.Debug|x86.ActiveCfg = Debug|Win32
		{7906A1D7-1479-4196-8FBD-7C63054135D1}.Debug|x86.Build.0 = Debug|Win32
		{7906A1D7-1479-4196-8FBD-7C63054135D1}.Release|x64.ActiveCfg = Release|x64
		{7906A1D7-1479-4196-8FBD-7C63054135D1}.Release|x64.Build.0 = Release|x64
		{7906A1D7-1479-4196-8FBD-7C63054135D1}.Release|x86.ActiveCfg = Release|Win32
		{7906A1D7-1479-4196-8FBD-7C63054135D1}.Release|x86.Build.0 = Release|Win32
	EndGlobalSection
	GlobalSection(SolutionProperties) = preSolution
		HideSolutionNode = FALSE
	EndGlobalSection
	GlobalSection(ExtensibilityGlobals) = postSolution
		SolutionGuid = {41E57A2A-E684-448E-A0E9-B2F81555A5B5}
	EndGlobalSection
EndGlobal
